// !$*UTF8*$!
{
	archiveVersion = 1;
	classes = {
	};
	objectVersion = 50;
	objects = {

/* Begin PBXBuildFile section */
		54C5646A23FDA87F0086F8C5 /* AppDelegate.m in Sources */ = {isa = PBXBuildFile; fileRef = 54C5646923FDA87F0086F8C5 /* AppDelegate.m */; };
		54C5646D23FDA87F0086F8C5 /* SceneDelegate.m in Sources */ = {isa = PBXBuildFile; fileRef = 54C5646C23FDA87F0086F8C5 /* SceneDelegate.m */; };
		54C5647023FDA87F0086F8C5 /* ViewController.m in Sources */ = {isa = PBXBuildFile; fileRef = 54C5646F23FDA87F0086F8C5 /* ViewController.m */; };
		54C5647323FDA87F0086F8C5 /* Main.storyboard in Resources */ = {isa = PBXBuildFile; fileRef = 54C5647123FDA87F0086F8C5 /* Main.storyboard */; };
		54C5647523FDA8800086F8C5 /* Assets.xcassets in Resources */ = {isa = PBXBuildFile; fileRef = 54C5647423FDA8800086F8C5 /* Assets.xcassets */; };
		54C5647823FDA8800086F8C5 /* LaunchScreen.storyboard in Resources */ = {isa = PBXBuildFile; fileRef = 54C5647623FDA8800086F8C5 /* LaunchScreen.storyboard */; };
		54C5647B23FDA8800086F8C5 /* main.m in Sources */ = {isa = PBXBuildFile; fileRef = 54C5647A23FDA8800086F8C5 /* main.m */; };
		54C5648523FDA8800086F8C5 /* TestingTests.m in Sources */ = {isa = PBXBuildFile; fileRef = 54C5648423FDA8800086F8C5 /* TestingTests.m */; };
		54C5649023FDA8800086F8C5 /* TestingUITests.m in Sources */ = {isa = PBXBuildFile; fileRef = 54C5648F23FDA8800086F8C5 /* TestingUITests.m */; };
/* End PBXBuildFile section */

/* Begin PBXContainerItemProxy section */
		54C5648123FDA8800086F8C5 /* PBXContainerItemProxy */ = {
			isa = PBXContainerItemProxy;
			containerPortal = 54C5645D23FDA87F0086F8C5 /* Project object */;
			proxyType = 1;
			remoteGlobalIDString = 54C5646423FDA87F0086F8C5;
			remoteInfo = Testing;
		};
		54C5648C23FDA8800086F8C5 /* PBXContainerItemProxy */ = {
			isa = PBXContainerItemProxy;
			containerPortal = 54C5645D23FDA87F0086F8C5 /* Project object */;
			proxyType = 1;
			remoteGlobalIDString = 54C5646423FDA87F0086F8C5;
			remoteInfo = Testing;
		};
/* End PBXContainerItemProxy section */

/* Begin PBXFileReference section */
		54C5646523FDA87F0086F8C5 /* Testing.app */ = {isa = PBXFileReference; explicitFileType = wrapper.application; includeInIndex = 0; path = Testing.app; sourceTree = BUILT_PRODUCTS_DIR; };
		54C5646823FDA87F0086F8C5 /* AppDelegate.h */ = {isa = PBXFileReference; lastKnownFileType = sourcecode.c.h; path = AppDelegate.h; sourceTree = "<group>"; };
		54C5646923FDA87F0086F8C5 /* AppDelegate.m */ = {isa = PBXFileReference; lastKnownFileType = sourcecode.c.objc; path = AppDelegate.m; sourceTree = "<group>"; };
		54C5646B23FDA87F0086F8C5 /* SceneDelegate.h */ = {isa = PBXFileReference; lastKnownFileType = sourcecode.c.h; path = SceneDelegate.h; sourceTree = "<group>"; };
		54C5646C23FDA87F0086F8C5 /* SceneDelegate.m */ = {isa = PBXFileReference; lastKnownFileType = sourcecode.c.objc; path = SceneDelegate.m; sourceTree = "<group>"; };
		54C5646E23FDA87F0086F8C5 /* ViewController.h */ = {isa = PBXFileReference; lastKnownFileType = sourcecode.c.h; path = ViewController.h; sourceTree = "<group>"; };
		54C5646F23FDA87F0086F8C5 /* ViewController.m */ = {isa = PBXFileReference; lastKnownFileType = sourcecode.c.objc; path = ViewController.m; sourceTree = "<group>"; };
		54C5647223FDA87F0086F8C5 /* Base */ = {isa = PBXFileReference; lastKnownFileType = file.storyboard; name = Base; path = Base.lproj/Main.storyboard; sourceTree = "<group>"; };
		54C5647423FDA8800086F8C5 /* Assets.xcassets */ = {isa = PBXFileReference; lastKnownFileType = folder.assetcatalog; path = Assets.xcassets; sourceTree = "<group>"; };
		54C5647723FDA8800086F8C5 /* Base */ = {isa = PBXFileReference; lastKnownFileType = file.storyboard; name = Base; path = Base.lproj/LaunchScreen.storyboard; sourceTree = "<group>"; };
		54C5647923FDA8800086F8C5 /* Info.plist */ = {isa = PBXFileReference; lastKnownFileType = text.plist.xml; path = Info.plist; sourceTree = "<group>"; };
		54C5647A23FDA8800086F8C5 /* main.m */ = {isa = PBXFileReference; lastKnownFileType = sourcecode.c.objc; path = main.m; sourceTree = "<group>"; };
		54C5648023FDA8800086F8C5 /* TestingTests.xctest */ = {isa = PBXFileReference; explicitFileType = wrapper.cfbundle; includeInIndex = 0; path = TestingTests.xctest; sourceTree = BUILT_PRODUCTS_DIR; };
		54C5648423FDA8800086F8C5 /* TestingTests.m */ = {isa = PBXFileReference; lastKnownFileType = sourcecode.c.objc; path = TestingTests.m; sourceTree = "<group>"; };
		54C5648623FDA8800086F8C5 /* Info.plist */ = {isa = PBXFileReference; lastKnownFileType = text.plist.xml; path = Info.plist; sourceTree = "<group>"; };
		54C5648B23FDA8800086F8C5 /* TestingUITests.xctest */ = {isa = PBXFileReference; explicitFileType = wrapper.cfbundle; includeInIndex = 0; path = TestingUITests.xctest; sourceTree = BUILT_PRODUCTS_DIR; };
		54C5648F23FDA8800086F8C5 /* TestingUITests.m */ = {isa = PBXFileReference; lastKnownFileType = sourcecode.c.objc; path = TestingUITests.m; sourceTree = "<group>"; };
		54C5649123FDA8800086F8C5 /* Info.plist */ = {isa = PBXFileReference; lastKnownFileType = text.plist.xml; path = Info.plist; sourceTree = "<group>"; };
/* End PBXFileReference section */

/* Begin PBXFrameworksBuildPhase section */
		54C5646223FDA87F0086F8C5 /* Frameworks */ = {
			isa = PBXFrameworksBuildPhase;
			buildActionMask = 2147483647;
			files = (
			);
			runOnlyForDeploymentPostprocessing = 0;
		};
		54C5647D23FDA8800086F8C5 /* Frameworks */ = {
			isa = PBXFrameworksBuildPhase;
			buildActionMask = 2147483647;
			files = (
			);
			runOnlyForDeploymentPostprocessing = 0;
		};
		54C5648823FDA8800086F8C5 /* Frameworks */ = {
			isa = PBXFrameworksBuildPhase;
			buildActionMask = 2147483647;
			files = (
			);
			runOnlyForDeploymentPostprocessing = 0;
		};
/* End PBXFrameworksBuildPhase section */

/* Begin PBXGroup section */
		54C5645C23FDA87F0086F8C5 = {
			isa = PBXGroup;
			children = (
				54C5646723FDA87F0086F8C5 /* Testing */,
				54C5648323FDA8800086F8C5 /* TestingTests */,
				54C5648E23FDA8800086F8C5 /* TestingUITests */,
				54C5646623FDA87F0086F8C5 /* Products */,
			);
			sourceTree = "<group>";
		};
		54C5646623FDA87F0086F8C5 /* Products */ = {
			isa = PBXGroup;
			children = (
				54C5646523FDA87F0086F8C5 /* Testing.app */,
				54C5648023FDA8800086F8C5 /* TestingTests.xctest */,
				54C5648B23FDA8800086F8C5 /* TestingUITests.xctest */,
			);
			name = Products;
			sourceTree = "<group>";
		};
		54C5646723FDA87F0086F8C5 /* Testing */ = {
			isa = PBXGroup;
			children = (
				54C5646823FDA87F0086F8C5 /* AppDelegate.h */,
				54C5646923FDA87F0086F8C5 /* AppDelegate.m */,
				54C5646B23FDA87F0086F8C5 /* SceneDelegate.h */,
				54C5646C23FDA87F0086F8C5 /* SceneDelegate.m */,
				54C5646E23FDA87F0086F8C5 /* ViewController.h */,
				54C5646F23FDA87F0086F8C5 /* ViewController.m */,
				54C5647123FDA87F0086F8C5 /* Main.storyboard */,
				54C5647423FDA8800086F8C5 /* Assets.xcassets */,
				54C5647623FDA8800086F8C5 /* LaunchScreen.storyboard */,
				54C5647923FDA8800086F8C5 /* Info.plist */,
				54C5647A23FDA8800086F8C5 /* main.m */,
			);
			path = Testing;
			sourceTree = "<group>";
		};
		54C5648323FDA8800086F8C5 /* TestingTests */ = {
			isa = PBXGroup;
			children = (
				54C5648423FDA8800086F8C5 /* TestingTests.m */,
				54C5648623FDA8800086F8C5 /* Info.plist */,
			);
			path = TestingTests;
			sourceTree = "<group>";
		};
		54C5648E23FDA8800086F8C5 /* TestingUITests */ = {
			isa = PBXGroup;
			children = (
				54C5648F23FDA8800086F8C5 /* TestingUITests.m */,
				54C5649123FDA8800086F8C5 /* Info.plist */,
			);
			path = TestingUITests;
			sourceTree = "<group>";
		};
/* End PBXGroup section */

/* Begin PBXNativeTarget section */
		54C5646423FDA87F0086F8C5 /* Testing */ = {
			isa = PBXNativeTarget;
			buildConfigurationList = 54C5649423FDA8800086F8C5 /* Build configuration list for PBXNativeTarget "Testing" */;
			buildPhases = (
				54C5646123FDA87F0086F8C5 /* Sources */,
				54C5646223FDA87F0086F8C5 /* Frameworks */,
				54C5646323FDA87F0086F8C5 /* Resources */,
			);
			buildRules = (
			);
			dependencies = (
			);
			name = Testing;
			productName = Testing;
			productReference = 54C5646523FDA87F0086F8C5 /* Testing.app */;
			productType = "com.apple.product-type.application";
		};
		54C5647F23FDA8800086F8C5 /* TestingTests */ = {
			isa = PBXNativeTarget;
			buildConfigurationList = 54C5649723FDA8800086F8C5 /* Build configuration list for PBXNativeTarget "TestingTests" */;
			buildPhases = (
				54C5647C23FDA8800086F8C5 /* Sources */,
				54C5647D23FDA8800086F8C5 /* Frameworks */,
				54C5647E23FDA8800086F8C5 /* Resources */,
			);
			buildRules = (
			);
			dependencies = (
				54C5648223FDA8800086F8C5 /* PBXTargetDependency */,
			);
			name = TestingTests;
			productName = TestingTests;
			productReference = 54C5648023FDA8800086F8C5 /* TestingTests.xctest */;
			productType = "com.apple.product-type.bundle.unit-test";
		};
		54C5648A23FDA8800086F8C5 /* TestingUITests */ = {
			isa = PBXNativeTarget;
			buildConfigurationList = 54C5649A23FDA8800086F8C5 /* Build configuration list for PBXNativeTarget "TestingUITests" */;
			buildPhases = (
				54C5648723FDA8800086F8C5 /* Sources */,
				54C5648823FDA8800086F8C5 /* Frameworks */,
				54C5648923FDA8800086F8C5 /* Resources */,
			);
			buildRules = (
			);
			dependencies = (
				54C5648D23FDA8800086F8C5 /* PBXTargetDependency */,
			);
			name = TestingUITests;
			productName = TestingUITests;
			productReference = 54C5648B23FDA8800086F8C5 /* TestingUITests.xctest */;
			productType = "com.apple.product-type.bundle.ui-testing";
		};
/* End PBXNativeTarget section */

/* Begin PBXProject section */
		54C5645D23FDA87F0086F8C5 /* Project object */ = {
			isa = PBXProject;
			attributes = {
				LastUpgradeCheck = 1130;
				ORGANIZATIONNAME = "Hoang Duy Tran";
				TargetAttributes = {
					54C5646423FDA87F0086F8C5 = {
						CreatedOnToolsVersion = 11.3.1;
					};
					54C5647F23FDA8800086F8C5 = {
						CreatedOnToolsVersion = 11.3.1;
						TestTargetID = 54C5646423FDA87F0086F8C5;
					};
					54C5648A23FDA8800086F8C5 = {
						CreatedOnToolsVersion = 11.3.1;
						TestTargetID = 54C5646423FDA87F0086F8C5;
					};
				};
			};
			buildConfigurationList = 54C5646023FDA87F0086F8C5 /* Build configuration list for PBXProject "Testing" */;
			compatibilityVersion = "Xcode 9.3";
			developmentRegion = en;
			hasScannedForEncodings = 0;
			knownRegions = (
				en,
				Base,
			);
			mainGroup = 54C5645C23FDA87F0086F8C5;
			productRefGroup = 54C5646623FDA87F0086F8C5 /* Products */;
			projectDirPath = "";
			projectRoot = "";
			targets = (
				54C5646423FDA87F0086F8C5 /* Testing */,
				54C5647F23FDA8800086F8C5 /* TestingTests */,
				54C5648A23FDA8800086F8C5 /* TestingUITests */,
			);
		};
/* End PBXProject section */

/* Begin PBXResourcesBuildPhase section */
		54C5646323FDA87F0086F8C5 /* Resources */ = {
			isa = PBXResourcesBuildPhase;
			buildActionMask = 2147483647;
			files = (
				54C5647823FDA8800086F8C5 /* LaunchScreen.storyboard in Resources */,
				54C5647523FDA8800086F8C5 /* Assets.xcassets in Resources */,
				54C5647323FDA87F0086F8C5 /* Main.storyboard in Resources */,
			);
			runOnlyForDeploymentPostprocessing = 0;
		};
		54C5647E23FDA8800086F8C5 /* Resources */ = {
			isa = PBXResourcesBuildPhase;
			buildActionMask = 2147483647;
			files = (
			);
			runOnlyForDeploymentPostprocessing = 0;
		};
		54C5648923FDA8800086F8C5 /* Resources */ = {
			isa = PBXResourcesBuildPhase;
			buildActionMask = 2147483647;
			files = (
			);
			runOnlyForDeploymentPostprocessing = 0;
		};
/* End PBXResourcesBuildPhase section */

/* Begin PBXSourcesBuildPhase section */
		54C5646123FDA87F0086F8C5 /* Sources */ = {
			isa = PBXSourcesBuildPhase;
			buildActionMask = 2147483647;
			files = (
				54C5647023FDA87F0086F8C5 /* ViewController.m in Sources */,
				54C5646A23FDA87F0086F8C5 /* AppDelegate.m in Sources */,
				54C5647B23FDA8800086F8C5 /* main.m in Sources */,
				54C5646D23FDA87F0086F8C5 /* SceneDelegate.m in Sources */,
			);
			runOnlyForDeploymentPostprocessing = 0;
		};
		54C5647C23FDA8800086F8C5 /* Sources */ = {
			isa = PBXSourcesBuildPhase;
			buildActionMask = 2147483647;
			files = (
				54C5648523FDA8800086F8C5 /* TestingTests.m in Sources */,
			);
			runOnlyForDeploymentPostprocessing = 0;
		};
		54C5648723FDA8800086F8C5 /* Sources */ = {
			isa = PBXSourcesBuildPhase;
			buildActionMask = 2147483647;
			files = (
				54C5649023FDA8800086F8C5 /* TestingUITests.m in Sources */,
			);
			runOnlyForDeploymentPostprocessing = 0;
		};
/* End PBXSourcesBuildPhase section */

/* Begin PBXTargetDependency section */
		54C5648223FDA8800086F8C5 /* PBXTargetDependency */ = {
			isa = PBXTargetDependency;
			target = 54C5646423FDA87F0086F8C5 /* Testing */;
			targetProxy = 54C5648123FDA8800086F8C5 /* PBXContainerItemProxy */;
		};
		54C5648D23FDA8800086F8C5 /* PBXTargetDependency */ = {
			isa = PBXTargetDependency;
			target = 54C5646423FDA87F0086F8C5 /* Testing */;
			targetProxy = 54C5648C23FDA8800086F8C5 /* PBXContainerItemProxy */;
		};
/* End PBXTargetDependency section */

/* Begin PBXVariantGroup section */
		54C5647123FDA87F0086F8C5 /* Main.storyboard */ = {
			isa = PBXVariantGroup;
			children = (
				54C5647223FDA87F0086F8C5 /* Base */,
			);
			name = Main.storyboard;
			sourceTree = "<group>";
		};
		54C5647623FDA8800086F8C5 /* LaunchScreen.storyboard */ = {
			isa = PBXVariantGroup;
			children = (
				54C5647723FDA8800086F8C5 /* Base */,
			);
			name = LaunchScreen.storyboard;
			sourceTree = "<group>";
		};
/* End PBXVariantGroup section */

/* Begin XCBuildConfiguration section */
		54C5649223FDA8800086F8C5 /* Debug */ = {
			isa = XCBuildConfiguration;
			buildSettings = {
				ALWAYS_SEARCH_USER_PATHS = NO;
				CLANG_ANALYZER_NONNULL = YES;
				CLANG_ANALYZER_NUMBER_OBJECT_CONVERSION = YES_AGGRESSIVE;
				CLANG_CXX_LANGUAGE_STANDARD = "gnu++14";
				CLANG_CXX_LIBRARY = "libc++";
				CLANG_ENABLE_MODULES = YES;
				CLANG_ENABLE_OBJC_ARC = YES;
				CLANG_ENABLE_OBJC_WEAK = YES;
				CLANG_WARN_BLOCK_CAPTURE_AUTORELEASING = YES;
				CLANG_WARN_BOOL_CONVERSION = YES;
				CLANG_WARN_COMMA = YES;
				CLANG_WARN_CONSTANT_CONVERSION = YES;
				CLANG_WARN_DEPRECATED_OBJC_IMPLEMENTATIONS = YES;
				CLANG_WARN_DIRECT_OBJC_ISA_USAGE = YES_ERROR;
				CLANG_WARN_DOCUMENTATION_COMMENTS = YES;
				CLANG_WARN_EMPTY_BODY = YES;
				CLANG_WARN_ENUM_CONVERSION = YES;
				CLANG_WARN_INFINITE_RECURSION = YES;
				CLANG_WARN_INT_CONVERSION = YES;
				CLANG_WARN_NON_LITERAL_NULL_CONVERSION = YES;
				CLANG_WARN_OBJC_IMPLICIT_RETAIN_SELF = YES;
				CLANG_WARN_OBJC_LITERAL_CONVERSION = YES;
				CLANG_WARN_OBJC_ROOT_CLASS = YES_ERROR;
				CLANG_WARN_RANGE_LOOP_ANALYSIS = YES;
				CLANG_WARN_STRICT_PROTOTYPES = YES;
				CLANG_WARN_SUSPICIOUS_MOVE = YES;
				CLANG_WARN_UNGUARDED_AVAILABILITY = YES_AGGRESSIVE;
				CLANG_WARN_UNREACHABLE_CODE = YES;
				CLANG_WARN__DUPLICATE_METHOD_MATCH = YES;
				COPY_PHASE_STRIP = NO;
				DEBUG_INFORMATION_FORMAT = dwarf;
				ENABLE_STRICT_OBJC_MSGSEND = YES;
				ENABLE_TESTABILITY = YES;
				GCC_C_LANGUAGE_STANDARD = gnu11;
				GCC_DYNAMIC_NO_PIC = NO;
				GCC_NO_COMMON_BLOCKS = YES;
				GCC_OPTIMIZATION_LEVEL = 0;
				GCC_PREPROCESSOR_DEFINITIONS = (
					"DEBUG=1",
					"$(inherited)",
				);
				GCC_WARN_64_TO_32_BIT_CONVERSION = YES;
				GCC_WARN_ABOUT_RETURN_TYPE = YES_ERROR;
				GCC_WARN_UNDECLARED_SELECTOR = YES;
				GCC_WARN_UNINITIALIZED_AUTOS = YES_AGGRESSIVE;
				GCC_WARN_UNUSED_FUNCTION = YES;
				GCC_WARN_UNUSED_VARIABLE = YES;
				IPHONEOS_DEPLOYMENT_TARGET = 13.2;
				MTL_ENABLE_DEBUG_INFO = INCLUDE_SOURCE;
				MTL_FAST_MATH = YES;
				ONLY_ACTIVE_ARCH = YES;
				SDKROOT = iphoneos;
			};
			name = Debug;
		};
		54C5649323FDA8800086F8C5 /* Release */ = {
			isa = XCBuildConfiguration;
			buildSettings = {
				ALWAYS_SEARCH_USER_PATHS = NO;
				CLANG_ANALYZER_NONNULL = YES;
				CLANG_ANALYZER_NUMBER_OBJECT_CONVERSION = YES_AGGRESSIVE;
				CLANG_CXX_LANGUAGE_STANDARD = "gnu++14";
				CLANG_CXX_LIBRARY = "libc++";
				CLANG_ENABLE_MODULES = YES;
				CLANG_ENABLE_OBJC_ARC = YES;
				CLANG_ENABLE_OBJC_WEAK = YES;
				CLANG_WARN_BLOCK_CAPTURE_AUTORELEASING = YES;
				CLANG_WARN_BOOL_CONVERSION = YES;
				CLANG_WARN_COMMA = YES;
				CLANG_WARN_CONSTANT_CONVERSION = YES;
				CLANG_WARN_DEPRECATED_OBJC_IMPLEMENTATIONS = YES;
				CLANG_WARN_DIRECT_OBJC_ISA_USAGE = YES_ERROR;
				CLANG_WARN_DOCUMENTATION_COMMENTS = YES;
				CLANG_WARN_EMPTY_BODY = YES;
				CLANG_WARN_ENUM_CONVERSION = YES;
				CLANG_WARN_INFINITE_RECURSION = YES;
				CLANG_WARN_INT_CONVERSION = YES;
				CLANG_WARN_NON_LITERAL_NULL_CONVERSION = YES;
				CLANG_WARN_OBJC_IMPLICIT_RETAIN_SELF = YES;
				CLANG_WARN_OBJC_LITERAL_CONVERSION = YES;
				CLANG_WARN_OBJC_ROOT_CLASS = YES_ERROR;
				CLANG_WARN_RANGE_LOOP_ANALYSIS = YES;
				CLANG_WARN_STRICT_PROTOTYPES = YES;
				CLANG_WARN_SUSPICIOUS_MOVE = YES;
				CLANG_WARN_UNGUARDED_AVAILABILITY = YES_AGGRESSIVE;
				CLANG_WARN_UNREACHABLE_CODE = YES;
				CLANG_WARN__DUPLICATE_METHOD_MATCH = YES;
				COPY_PHASE_STRIP = NO;
				DEBUG_INFORMATION_FORMAT = "dwarf-with-dsym";
				ENABLE_NS_ASSERTIONS = NO;
				ENABLE_STRICT_OBJC_MSGSEND = YES;
				GCC_C_LANGUAGE_STANDARD = gnu11;
				GCC_NO_COMMON_BLOCKS = YES;
				GCC_WARN_64_TO_32_BIT_CONVERSION = YES;
				GCC_WARN_ABOUT_RETURN_TYPE = YES_ERROR;
				GCC_WARN_UNDECLARED_SELECTOR = YES;
				GCC_WARN_UNINITIALIZED_AUTOS = YES_AGGRESSIVE;
				GCC_WARN_UNUSED_FUNCTION = YES;
				GCC_WARN_UNUSED_VARIABLE = YES;
				IPHONEOS_DEPLOYMENT_TARGET = 13.2;
				MTL_ENABLE_DEBUG_INFO = NO;
				MTL_FAST_MATH = YES;
				SDKROOT = iphoneos;
				VALIDATE_PRODUCT = YES;
			};
			name = Release;
		};
		54C5649523FDA8800086F8C5 /* Debug */ = {
			isa = XCBuildConfiguration;
			buildSettings = {
				ASSETCATALOG_COMPILER_APPICON_NAME = AppIcon;
				CODE_SIGN_STYLE = Automatic;
				INFOPLIST_FILE = Testing/Info.plist;
				LD_RUNPATH_SEARCH_PATHS = (
					"$(inherited)",
					"@executable_path/Frameworks",
				);
				PRODUCT_BUNDLE_IDENTIFIER = Home.Testing;
				PRODUCT_NAME = "$(TARGET_NAME)";
				TARGETED_DEVICE_FAMILY = "1,2";
			};
			name = Debug;
		};
		54C5649623FDA8800086F8C5 /* Release */ = {
			isa = XCBuildConfiguration;
			buildSettings = {
				ASSETCATALOG_COMPILER_APPICON_NAME = AppIcon;
				CODE_SIGN_STYLE = Automatic;
				INFOPLIST_FILE = Testing/Info.plist;
				LD_RUNPATH_SEARCH_PATHS = (
					"$(inherited)",
					"@executable_path/Frameworks",
				);
				PRODUCT_BUNDLE_IDENTIFIER = Home.Testing;
				PRODUCT_NAME = "$(TARGET_NAME)";
				TARGETED_DEVICE_FAMILY = "1,2";
			};
			name = Release;
		};
		54C5649823FDA8800086F8C5 /* Debug */ = {
			isa = XCBuildConfiguration;
			buildSettings = {
				BUNDLE_LOADER = "$(TEST_HOST)";
				CODE_SIGN_STYLE = Automatic;
				INFOPLIST_FILE = TestingTests/Info.plist;
				IPHONEOS_DEPLOYMENT_TARGET = 13.2;
				LD_RUNPATH_SEARCH_PATHS = (
					"$(inherited)",
					"@executable_path/Frameworks",
					"@loader_path/Frameworks",
				);
				PRODUCT_BUNDLE_IDENTIFIER = Home.TestingTests;
				PRODUCT_NAME = "$(TARGET_NAME)";
				TARGETED_DEVICE_FAMILY = "1,2";
				TEST_HOST = "$(BUILT_PRODUCTS_DIR)/Testing.app/Testing";
			};
			name = Debug;
		};
		54C5649923FDA8800086F8C5 /* Release */ = {
			isa = XCBuildConfiguration;
			buildSettings = {
				BUNDLE_LOADER = "$(TEST_HOST)";
				CODE_SIGN_STYLE = Automatic;
				INFOPLIST_FILE = TestingTests/Info.plist;
				IPHONEOS_DEPLOYMENT_TARGET = 13.2;
				LD_RUNPATH_SEARCH_PATHS = (
					"$(inherited)",
					"@executable_path/Frameworks",
					"@loader_path/Frameworks",
				);
				PRODUCT_BUNDLE_IDENTIFIER = Home.TestingTests;
				PRODUCT_NAME = "$(TARGET_NAME)";
				TARGETED_DEVICE_FAMILY = "1,2";
				TEST_HOST = "$(BUILT_PRODUCTS_DIR)/Testing.app/Testing";
			};
			name = Release;
		};
		54C5649B23FDA8800086F8C5 /* Debug */ = {
			isa = XCBuildConfiguration;
			buildSettings = {
				CODE_SIGN_STYLE = Automatic;
				INFOPLIST_FILE = TestingUITests/Info.plist;
				LD_RUNPATH_SEARCH_PATHS = (
					"$(inherited)",
					"@executable_path/Frameworks",
					"@loader_path/Frameworks",
				);
				PRODUCT_BUNDLE_IDENTIFIER = Home.TestingUITests;
				PRODUCT_NAME = "$(TARGET_NAME)";
				TARGETED_DEVICE_FAMILY = "1,2";
				TEST_TARGET_NAME = Testing;
			};
			name = Debug;
		};
		54C5649C23FDA8800086F8C5 /* Release */ = {
			isa = XCBuildConfiguration;
			buildSettings = {
				CODE_SIGN_STYLE = Automatic;
				INFOPLIST_FILE = TestingUITests/Info.plist;
				LD_RUNPATH_SEARCH_PATHS = (
					"$(inherited)",
					"@executable_path/Frameworks",
					"@loader_path/Frameworks",
				);
				PRODUCT_BUNDLE_IDENTIFIER = Home.TestingUITests;
				PRODUCT_NAME = "$(TARGET_NAME)";
				TARGETED_DEVICE_FAMILY = "1,2";
				TEST_TARGET_NAME = Testing;
			};
			name = Release;
		};
/* End XCBuildConfiguration section */

/* Begin XCConfigurationList section */
		54C5646023FDA87F0086F8C5 /* Build configuration list for PBXProject "Testing" */ = {
			isa = XCConfigurationList;
			buildConfigurations = (
				54C5649223FDA8800086F8C5 /* Debug */,
				54C5649323FDA8800086F8C5 /* Release */,
			);
			defaultConfigurationIsVisible = 0;
			defaultConfigurationName = Release;
		};
		54C5649423FDA8800086F8C5 /* Build configuration list for PBXNativeTarget "Testing" */ = {
			isa = XCConfigurationList;
			buildConfigurations = (
				54C5649523FDA8800086F8C5 /* Debug */,
				54C5649623FDA8800086F8C5 /* Release */,
			);
			defaultConfigurationIsVisible = 0;
			defaultConfigurationName = Release;
		};
		54C5649723FDA8800086F8C5 /* Build configuration list for PBXNativeTarget "TestingTests" */ = {
			isa = XCConfigurationList;
			buildConfigurations = (
				54C5649823FDA8800086F8C5 /* Debug */,
				54C5649923FDA8800086F8C5 /* Release */,
			);
			defaultConfigurationIsVisible = 0;
			defaultConfigurationName = Release;
		};
		54C5649A23FDA8800086F8C5 /* Build configuration list for PBXNativeTarget "TestingUITests" */ = {
			isa = XCConfigurationList;
			buildConfigurations = (
				54C5649B23FDA8800086F8C5 /* Debug */,
				54C5649C23FDA8800086F8C5 /* Release */,
			);
			defaultConfigurationIsVisible = 0;
			defaultConfigurationName = Release;
		};
/* End XCConfigurationList section */
	};
	rootObject = 54C5645D23FDA87F0086F8C5 /* Project object */;
}
